// !$*UTF8*$!
{
	archiveVersion = 1;
	classes = {
	};
	objectVersion = 51;
	objects = {

/* Begin PBXBuildFile section */
		4A0BDF7C7EC25DB5CC7DC990 /* Pods_EnglishQuiz.framework in Frameworks */ = {isa = PBXBuildFile; fileRef = 4F65C7B209A7E0783F90E863 /* Pods_EnglishQuiz.framework */; };
		4F3F9C6B22FFE36D000EFC55 /* AppDelegate.swift in Sources */ = {isa = PBXBuildFile; fileRef = 4F3F9C6A22FFE36D000EFC55 /* AppDelegate.swift */; };
		4F3F9C6D22FFE36D000EFC55 /* ViewController.swift in Sources */ = {isa = PBXBuildFile; fileRef = 4F3F9C6C22FFE36D000EFC55 /* ViewController.swift */; };
		4F3F9C7022FFE36D000EFC55 /* Main.storyboard in Resources */ = {isa = PBXBuildFile; fileRef = 4F3F9C6E22FFE36D000EFC55 /* Main.storyboard */; };
		4F3F9C7222FFE370000EFC55 /* Assets.xcassets in Resources */ = {isa = PBXBuildFile; fileRef = 4F3F9C7122FFE370000EFC55 /* Assets.xcassets */; };
		4F3F9C7522FFE370000EFC55 /* LaunchScreen.storyboard in Resources */ = {isa = PBXBuildFile; fileRef = 4F3F9C7322FFE370000EFC55 /* LaunchScreen.storyboard */; };
		4F3F9C7D23001151000EFC55 /* ResultViewController.swift in Sources */ = {isa = PBXBuildFile; fileRef = 4F3F9C7C23001151000EFC55 /* ResultViewController.swift */; };
		4F3F9C7F230011E9000EFC55 /* StartViewController.swift in Sources */ = {isa = PBXBuildFile; fileRef = 4F3F9C7E230011E9000EFC55 /* StartViewController.swift */; };
		4F3F9C8223001AC9000EFC55 /* Level2ViewController.swift in Sources */ = {isa = PBXBuildFile; fileRef = 4F3F9C8123001AC9000EFC55 /* Level2ViewController.swift */; };
/* End PBXBuildFile section */

/* Begin PBXFileReference section */
		2159AA6C9FCE21EE2815ABAB /* Pods-EnglishQuiz.debug.xcconfig */ = {isa = PBXFileReference; includeInIndex = 1; lastKnownFileType = text.xcconfig; name = "Pods-EnglishQuiz.debug.xcconfig"; path = "Target Support Files/Pods-EnglishQuiz/Pods-EnglishQuiz.debug.xcconfig"; sourceTree = "<group>"; };
		36B0BFD93CFA3B2C522724D9 /* Pods-EnglishQuiz.release.xcconfig */ = {isa = PBXFileReference; includeInIndex = 1; lastKnownFileType = text.xcconfig; name = "Pods-EnglishQuiz.release.xcconfig"; path = "Target Support Files/Pods-EnglishQuiz/Pods-EnglishQuiz.release.xcconfig"; sourceTree = "<group>"; };
		4F3F9C6722FFE36D000EFC55 /* EnglishQuiz.app */ = {isa = PBXFileReference; explicitFileType = wrapper.application; includeInIndex = 0; path = EnglishQuiz.app; sourceTree = BUILT_PRODUCTS_DIR; };
		4F3F9C6A22FFE36D000EFC55 /* AppDelegate.swift */ = {isa = PBXFileReference; lastKnownFileType = sourcecode.swift; path = AppDelegate.swift; sourceTree = "<group>"; };
		4F3F9C6C22FFE36D000EFC55 /* ViewController.swift */ = {isa = PBXFileReference; lastKnownFileType = sourcecode.swift; path = ViewController.swift; sourceTree = "<group>"; };
		4F3F9C6F22FFE36D000EFC55 /* Base */ = {isa = PBXFileReference; lastKnownFileType = file.storyboard; name = Base; path = Base.lproj/Main.storyboard; sourceTree = "<group>"; };
		4F3F9C7122FFE370000EFC55 /* Assets.xcassets */ = {isa = PBXFileReference; lastKnownFileType = folder.assetcatalog; path = Assets.xcassets; sourceTree = "<group>"; };
		4F3F9C7422FFE370000EFC55 /* Base */ = {isa = PBXFileReference; lastKnownFileType = file.storyboard; name = Base; path = Base.lproj/LaunchScreen.storyboard; sourceTree = "<group>"; };
		4F3F9C7622FFE370000EFC55 /* Info.plist */ = {isa = PBXFileReference; lastKnownFileType = text.plist.xml; path = Info.plist; sourceTree = "<group>"; };
		4F3F9C7C23001151000EFC55 /* ResultViewController.swift */ = {isa = PBXFileReference; lastKnownFileType = sourcecode.swift; path = ResultViewController.swift; sourceTree = "<group>"; };
		4F3F9C7E230011E9000EFC55 /* StartViewController.swift */ = {isa = PBXFileReference; lastKnownFileType = sourcecode.swift; path = StartViewController.swift; sourceTree = "<group>"; };
		4F3F9C8123001AC9000EFC55 /* Level2ViewController.swift */ = {isa = PBXFileReference; lastKnownFileType = sourcecode.swift; path = Level2ViewController.swift; sourceTree = "<group>"; };
		4F65C7B209A7E0783F90E863 /* Pods_EnglishQuiz.framework */ = {isa = PBXFileReference; explicitFileType = wrapper.framework; includeInIndex = 0; path = Pods_EnglishQuiz.framework; sourceTree = BUILT_PRODUCTS_DIR; };
/* End PBXFileReference section */

/* Begin PBXFrameworksBuildPhase section */
		4F3F9C6422FFE36C000EFC55 /* Frameworks */ = {
			isa = PBXFrameworksBuildPhase;
			buildActionMask = 2147483647;
			files = (
				4A0BDF7C7EC25DB5CC7DC990 /* Pods_EnglishQuiz.framework in Frameworks */,
			);
			runOnlyForDeploymentPostprocessing = 0;
		};
/* End PBXFrameworksBuildPhase section */

/* Begin PBXGroup section */
		4F3F9C5E22FFE36C000EFC55 = {
			isa = PBXGroup;
			children = (
				4F3F9C6922FFE36D000EFC55 /* EnglishQuiz */,
				4F3F9C6822FFE36D000EFC55 /* Products */,
				D741B0309B09E24D3EE20B55 /* Pods */,
				9F685050D6EC3587706746BF /* Frameworks */,
			);
			sourceTree = "<group>";
		};
		4F3F9C6822FFE36D000EFC55 /* Products */ = {
			isa = PBXGroup;
			children = (
				4F3F9C6722FFE36D000EFC55 /* EnglishQuiz.app */,
			);
			name = Products;
			sourceTree = "<group>";
		};
		4F3F9C6922FFE36D000EFC55 /* EnglishQuiz */ = {
			isa = PBXGroup;
			children = (
				4F3F9C8023001743000EFC55 /* Controller */,
				4F3F9C6A22FFE36D000EFC55 /* AppDelegate.swift */,
				4F3F9C6E22FFE36D000EFC55 /* Main.storyboard */,
				4F3F9C7122FFE370000EFC55 /* Assets.xcassets */,
				4F3F9C7322FFE370000EFC55 /* LaunchScreen.storyboard */,
				4F3F9C7622FFE370000EFC55 /* Info.plist */,
			);
			path = EnglishQuiz;
			sourceTree = "<group>";
		};
		4F3F9C8023001743000EFC55 /* Controller */ = {
			isa = PBXGroup;
			children = (
				4F3F9C7E230011E9000EFC55 /* StartViewController.swift */,
				4F3F9C7C23001151000EFC55 /* ResultViewController.swift */,
				4F3F9C8123001AC9000EFC55 /* Level2ViewController.swift */,
				4F3F9C6C22FFE36D000EFC55 /* ViewController.swift */,
			);
			path = Controller;
			sourceTree = "<group>";
		};
		9F685050D6EC3587706746BF /* Frameworks */ = {
			isa = PBXGroup;
			children = (
				4F65C7B209A7E0783F90E863 /* Pods_EnglishQuiz.framework */,
			);
			name = Frameworks;
			sourceTree = "<group>";
		};
		D741B0309B09E24D3EE20B55 /* Pods */ = {
			isa = PBXGroup;
			children = (
				2159AA6C9FCE21EE2815ABAB /* Pods-EnglishQuiz.debug.xcconfig */,
				36B0BFD93CFA3B2C522724D9 /* Pods-EnglishQuiz.release.xcconfig */,
			);
			path = Pods;
			sourceTree = "<group>";
		};
/* End PBXGroup section */

/* Begin PBXNativeTarget section */
		4F3F9C6622FFE36C000EFC55 /* EnglishQuiz */ = {
			isa = PBXNativeTarget;
			buildConfigurationList = 4F3F9C7922FFE370000EFC55 /* Build configuration list for PBXNativeTarget "EnglishQuiz" */;
			buildPhases = (
				EA2CCFAF36A8FDD56E234F80 /* [CP] Check Pods Manifest.lock */,
				4F3F9C6322FFE36C000EFC55 /* Sources */,
				4F3F9C6422FFE36C000EFC55 /* Frameworks */,
				4F3F9C6522FFE36C000EFC55 /* Resources */,
				6F58841E98ADD9220D2F1133 /* [CP] Embed Pods Frameworks */,
			);
			buildRules = (
			);
			dependencies = (
			);
			name = EnglishQuiz;
			productName = EnglishQuiz;
			productReference = 4F3F9C6722FFE36D000EFC55 /* EnglishQuiz.app */;
			productType = "com.apple.product-type.application";
		};
/* End PBXNativeTarget section */

/* Begin PBXProject section */
		4F3F9C5F22FFE36C000EFC55 /* Project object */ = {
			isa = PBXProject;
			attributes = {
				LastSwiftUpdateCheck = 1020;
				LastUpgradeCheck = 1020;
				ORGANIZATIONNAME = "渡邉舜也";
				TargetAttributes = {
					4F3F9C6622FFE36C000EFC55 = {
						CreatedOnToolsVersion = 10.2.1;
					};
				};
			};
			buildConfigurationList = 4F3F9C6222FFE36C000EFC55 /* Build configuration list for PBXProject "EnglishQuiz" */;
			compatibilityVersion = "Xcode 9.3";
			developmentRegion = en;
			hasScannedForEncodings = 0;
			knownRegions = (
				en,
				Base,
			);
			mainGroup = 4F3F9C5E22FFE36C000EFC55;
			productRefGroup = 4F3F9C6822FFE36D000EFC55 /* Products */;
			projectDirPath = "";
			projectRoot = "";
			targets = (
				4F3F9C6622FFE36C000EFC55 /* EnglishQuiz */,
			);
		};
/* End PBXProject section */

/* Begin PBXResourcesBuildPhase section */
		4F3F9C6522FFE36C000EFC55 /* Resources */ = {
			isa = PBXResourcesBuildPhase;
			buildActionMask = 2147483647;
			files = (
				4F3F9C7522FFE370000EFC55 /* LaunchScreen.storyboard in Resources */,
				4F3F9C7222FFE370000EFC55 /* Assets.xcassets in Resources */,
				4F3F9C7022FFE36D000EFC55 /* Main.storyboard in Resources */,
			);
			runOnlyForDeploymentPostprocessing = 0;
		};
/* End PBXResourcesBuildPhase section */

/* Begin PBXShellScriptBuildPhase section */
		6F58841E98ADD9220D2F1133 /* [CP] Embed Pods Frameworks */ = {
			isa = PBXShellScriptBuildPhase;
			buildActionMask = 2147483647;
			files = (
			);
			inputFileListPaths = (
				"${PODS_ROOT}/Target Support Files/Pods-EnglishQuiz/Pods-EnglishQuiz-frameworks-${CONFIGURATION}-input-files.xcfilelist",
			);
			name = "[CP] Embed Pods Frameworks";
			outputFileListPaths = (
				"${PODS_ROOT}/Target Support Files/Pods-EnglishQuiz/Pods-EnglishQuiz-frameworks-${CONFIGURATION}-output-files.xcfilelist",
			);
			runOnlyForDeploymentPostprocessing = 0;
			shellPath = /bin/sh;
			shellScript = "\"${PODS_ROOT}/Target Support Files/Pods-EnglishQuiz/Pods-EnglishQuiz-frameworks.sh\"\n";
			showEnvVarsInLog = 0;
		};
		EA2CCFAF36A8FDD56E234F80 /* [CP] Check Pods Manifest.lock */ = {
			isa = PBXShellScriptBuildPhase;
			buildActionMask = 2147483647;
			files = (
			);
			inputFileListPaths = (
			);
			inputPaths = (
				"${PODS_PODFILE_DIR_PATH}/Podfile.lock",
				"${PODS_ROOT}/Manifest.lock",
			);
			name = "[CP] Check Pods Manifest.lock";
			outputFileListPaths = (
			);
			outputPaths = (
				"$(DERIVED_FILE_DIR)/Pods-EnglishQuiz-checkManifestLockResult.txt",
			);
			runOnlyForDeploymentPostprocessing = 0;
			shellPath = /bin/sh;
			shellScript = "diff \"${PODS_PODFILE_DIR_PATH}/Podfile.lock\" \"${PODS_ROOT}/Manifest.lock\" > /dev/null\nif [ $? != 0 ] ; then\n    # print error to STDERR\n    echo \"error: The sandbox is not in sync with the Podfile.lock. Run 'pod install' or update your CocoaPods installation.\" >&2\n    exit 1\nfi\n# This output is used by Xcode 'outputs' to avoid re-running this script phase.\necho \"SUCCESS\" > \"${SCRIPT_OUTPUT_FILE_0}\"\n";
			showEnvVarsInLog = 0;
		};
/* End PBXShellScriptBuildPhase section */

/* Begin PBXSourcesBuildPhase section */
		4F3F9C6322FFE36C000EFC55 /* Sources */ = {
			isa = PBXSourcesBuildPhase;
			buildActionMask = 2147483647;
			files = (
				4F3F9C6D22FFE36D000EFC55 /* ViewController.swift in Sources */,
				4F3F9C7F230011E9000EFC55 /* StartViewController.swift in Sources */,
				4F3F9C6B22FFE36D000EFC55 /* AppDelegate.swift in Sources */,
				4F3F9C7D23001151000EFC55 /* ResultViewController.swift in Sources */,
				4F3F9C8223001AC9000EFC55 /* Level2ViewController.swift in Sources */,
			);
			runOnlyForDeploymentPostprocessing = 0;
		};
/* End PBXSourcesBuildPhase section */

/* Begin PBXVariantGroup section */
		4F3F9C6E22FFE36D000EFC55 /* Main.storyboard */ = {
			isa = PBXVariantGroup;
			children = (
				4F3F9C6F22FFE36D000EFC55 /* Base */,
			);
			name = Main.storyboard;
			sourceTree = "<group>";
		};
		4F3F9C7322FFE370000EFC55 /* LaunchScreen.storyboard */ = {
			isa = PBXVariantGroup;
			children = (
				4F3F9C7422FFE370000EFC55 /* Base */,
			);
			name = LaunchScreen.storyboard;
			sourceTree = "<group>";
		};
/* End PBXVariantGroup section */

/* Begin XCBuildConfiguration section */
		4F3F9C7722FFE370000EFC55 /* Debug */ = {
			isa = XCBuildConfiguration;
			buildSettings = {
				ALWAYS_SEARCH_USER_PATHS = NO;
				CLANG_ANALYZER_NONNULL = YES;
				CLANG_ANALYZER_NUMBER_OBJECT_CONVERSION = YES_AGGRESSIVE;
				CLANG_CXX_LANGUAGE_STANDARD = "gnu++14";
				CLANG_CXX_LIBRARY = "libc++";
				CLANG_ENABLE_MODULES = YES;
				CLANG_ENABLE_OBJC_ARC = YES;
				CLANG_ENABLE_OBJC_WEAK = YES;
				CLANG_WARN_BLOCK_CAPTURE_AUTORELEASING = YES;
				CLANG_WARN_BOOL_CONVERSION = YES;
				CLANG_WARN_COMMA = YES;
				CLANG_WARN_CONSTANT_CONVERSION = YES;
				CLANG_WARN_DEPRECATED_OBJC_IMPLEMENTATIONS = YES;
				CLANG_WARN_DIRECT_OBJC_ISA_USAGE = YES_ERROR;
				CLANG_WARN_DOCUMENTATION_COMMENTS = YES;
				CLANG_WARN_EMPTY_BODY = YES;
				CLANG_WARN_ENUM_CONVERSION = YES;
				CLANG_WARN_INFINITE_RECURSION = YES;
				CLANG_WARN_INT_CONVERSION = YES;
				CLANG_WARN_NON_LITERAL_NULL_CONVERSION = YES;
				CLANG_WARN_OBJC_IMPLICIT_RETAIN_SELF = YES;
				CLANG_WARN_OBJC_LITERAL_CONVERSION = YES;
				CLANG_WARN_OBJC_ROOT_CLASS = YES_ERROR;
				CLANG_WARN_RANGE_LOOP_ANALYSIS = YES;
				CLANG_WARN_STRICT_PROTOTYPES = YES;
				CLANG_WARN_SUSPICIOUS_MOVE = YES;
				CLANG_WARN_UNGUARDED_AVAILABILITY = YES_AGGRESSIVE;
				CLANG_WARN_UNREACHABLE_CODE = YES;
				CLANG_WARN__DUPLICATE_METHOD_MATCH = YES;
				CODE_SIGN_IDENTITY = "iPhone Developer";
				COPY_PHASE_STRIP = NO;
				DEBUG_INFORMATION_FORMAT = dwarf;
				ENABLE_STRICT_OBJC_MSGSEND = YES;
				ENABLE_TESTABILITY = YES;
				GCC_C_LANGUAGE_STANDARD = gnu11;
				GCC_DYNAMIC_NO_PIC = NO;
				GCC_NO_COMMON_BLOCKS = YES;
				GCC_OPTIMIZATION_LEVEL = 0;
				GCC_PREPROCESSOR_DEFINITIONS = (
					"DEBUG=1",
					"$(inherited)",
				);
				GCC_WARN_64_TO_32_BIT_CONVERSION = YES;
				GCC_WARN_ABOUT_RETURN_TYPE = YES_ERROR;
				GCC_WARN_UNDECLARED_SELECTOR = YES;
				GCC_WARN_UNINITIALIZED_AUTOS = YES_AGGRESSIVE;
				GCC_WARN_UNUSED_FUNCTION = YES;
				GCC_WARN_UNUSED_VARIABLE = YES;
				IPHONEOS_DEPLOYMENT_TARGET = 12.2;
				MTL_ENABLE_DEBUG_INFO = INCLUDE_SOURCE;
				MTL_FAST_MATH = YES;
				ONLY_ACTIVE_ARCH = YES;
				SDKROOT = iphoneos;
				SWIFT_ACTIVE_COMPILATION_CONDITIONS = DEBUG;
				SWIFT_OPTIMIZATION_LEVEL = "-Onone";
			};
			name = Debug;
		};
		4F3F9C7822FFE370000EFC55 /* Release */ = {
			isa = XCBuildConfiguration;
			buildSettings = {
				ALWAYS_SEARCH_USER_PATHS = NO;
				CLANG_ANALYZER_NONNULL = YES;
				CLANG_ANALYZER_NUMBER_OBJECT_CONVERSION = YES_AGGRESSIVE;
				CLANG_CXX_LANGUAGE_STANDARD = "gnu++14";
				CLANG_CXX_LIBRARY = "libc++";
				CLANG_ENABLE_MODULES = YES;
				CLANG_ENABLE_OBJC_ARC = YES;
				CLANG_ENABLE_OBJC_WEAK = YES;
				CLANG_WARN_BLOCK_CAPTURE_AUTORELEASING = YES;
				CLANG_WARN_BOOL_CONVERSION = YES;
				CLANG_WARN_COMMA = YES;
				CLANG_WARN_CONSTANT_CONVERSION = YES;
				CLANG_WARN_DEPRECATED_OBJC_IMPLEMENTATIONS = YES;
				CLANG_WARN_DIRECT_OBJC_ISA_USAGE = YES_ERROR;
				CLANG_WARN_DOCUMENTATION_COMMENTS = YES;
				CLANG_WARN_EMPTY_BODY = YES;
				CLANG_WARN_ENUM_CONVERSION = YES;
				CLANG_WARN_INFINITE_RECURSION = YES;
				CLANG_WARN_INT_CONVERSION = YES;
				CLANG_WARN_NON_LITERAL_NULL_CONVERSION = YES;
				CLANG_WARN_OBJC_IMPLICIT_RETAIN_SELF = YES;
				CLANG_WARN_OBJC_LITERAL_CONVERSION = YES;
				CLANG_WARN_OBJC_ROOT_CLASS = YES_ERROR;
				CLANG_WARN_RANGE_LOOP_ANALYSIS = YES;
				CLANG_WARN_STRICT_PROTOTYPES = YES;
				CLANG_WARN_SUSPICIOUS_MOVE = YES;
				CLANG_WARN_UNGUARDED_AVAILABILITY = YES_AGGRESSIVE;
				CLANG_WARN_UNREACHABLE_CODE = YES;
				CLANG_WARN__DUPLICATE_METHOD_MATCH = YES;
				CODE_SIGN_IDENTITY = "iPhone Developer";
				COPY_PHASE_STRIP = NO;
				DEBUG_INFORMATION_FORMAT = "dwarf-with-dsym";
				ENABLE_NS_ASSERTIONS = NO;
				ENABLE_STRICT_OBJC_MSGSEND = YES;
				GCC_C_LANGUAGE_STANDARD = gnu11;
				GCC_NO_COMMON_BLOCKS = YES;
				GCC_WARN_64_TO_32_BIT_CONVERSION = YES;
				GCC_WARN_ABOUT_RETURN_TYPE = YES_ERROR;
				GCC_WARN_UNDECLARED_SELECTOR = YES;
				GCC_WARN_UNINITIALIZED_AUTOS = YES_AGGRESSIVE;
				GCC_WARN_UNUSED_FUNCTION = YES;
				GCC_WARN_UNUSED_VARIABLE = YES;
				IPHONEOS_DEPLOYMENT_TARGET = 12.2;
				MTL_ENABLE_DEBUG_INFO = NO;
				MTL_FAST_MATH = YES;
				SDKROOT = iphoneos;
				SWIFT_COMPILATION_MODE = wholemodule;
				SWIFT_OPTIMIZATION_LEVEL = "-O";
				VALIDATE_PRODUCT = YES;
			};
			name = Release;
		};
		4F3F9C7A22FFE370000EFC55 /* Debug */ = {
			isa = XCBuildConfiguration;
			baseConfigurationReference = 2159AA6C9FCE21EE2815ABAB /* Pods-EnglishQuiz.debug.xcconfig */;
			buildSettings = {
				ASSETCATALOG_COMPILER_APPICON_NAME = AppIcon;
				CODE_SIGN_STYLE = Automatic;
				DEVELOPMENT_TEAM = Y33HX5QS7V;
				INFOPLIST_FILE = EnglishQuiz/Info.plist;
				LD_RUNPATH_SEARCH_PATHS = (
					"$(inherited)",
					"@executable_path/Frameworks",
				);
				PRODUCT_BUNDLE_IDENTIFIER = com.example.EnglishQuiz;
				PRODUCT_NAME = "$(TARGET_NAME)";
				SWIFT_VERSION = 5.0;
				TARGETED_DEVICE_FAMILY = "1,2";
			};
			name = Debug;
		};
		4F3F9C7B22FFE370000EFC55 /* Release */ = {
			isa = XCBuildConfiguration;
			baseConfigurationReference = 36B0BFD93CFA3B2C522724D9 /* Pods-EnglishQuiz.release.xcconfig */;
			buildSettings = {
				ASSETCATALOG_COMPILER_APPICON_NAME = AppIcon;
				CODE_SIGN_STYLE = Automatic;
				DEVELOPMENT_TEAM = Y33HX5QS7V;
				INFOPLIST_FILE = EnglishQuiz/Info.plist;
				LD_RUNPATH_SEARCH_PATHS = (
					"$(inherited)",
					"@executable_path/Frameworks",
				);
				PRODUCT_BUNDLE_IDENTIFIER = com.example.EnglishQuiz;
				PRODUCT_NAME = "$(TARGET_NAME)";
				SWIFT_VERSION = 5.0;
				TARGETED_DEVICE_FAMILY = "1,2";
			};
			name = Release;
		};
/* End XCBuildConfiguration section */

/* Begin XCConfigurationList section */
		4F3F9C6222FFE36C000EFC55 /* Build configuration list for PBXProject "EnglishQuiz" */ = {
			isa = XCConfigurationList;
			buildConfigurations = (
				4F3F9C7722FFE370000EFC55 /* Debug */,
				4F3F9C7822FFE370000EFC55 /* Release */,
			);
			defaultConfigurationIsVisible = 0;
			defaultConfigurationName = Release;
		};
		4F3F9C7922FFE370000EFC55 /* Build configuration list for PBXNativeTarget "EnglishQuiz" */ = {
			isa = XCConfigurationList;
			buildConfigurations = (
				4F3F9C7A22FFE370000EFC55 /* Debug */,
				4F3F9C7B22FFE370000EFC55 /* Release */,
			);
			defaultConfigurationIsVisible = 0;
			defaultConfigurationName = Release;
		};
/* End XCConfigurationList section */
	};
	rootObject = 4F3F9C5F22FFE36C000EFC55 /* Project object */;
}
